{
  "requires": true,
  "lockfileVersion": 1,
  "dependencies": {
    "hdjs": {
      "version": "1.2.102",
      "resolved": "https://registry.npmjs.org/hdjs/-/hdjs-1.2.102.tgz",
      "integrity": "sha1-GSI7L+xXiXXyhyJKt0/uBoIDx8k=",
      "requires": {
        "webuploader": "0.1.8"
      }
    },
    "webuploader": {
      "version": "0.1.8",
      "resolved": "https://registry.npmjs.org/webuploader/-/webuploader-0.1.8.tgz",
      "integrity": "sha1-eoTygrTTy791PHmt9ITaTmno6eE="
    }
  }
}
